// !$*UTF8*$!
{
	archiveVersion = 1;
	classes = {
	};
	objectVersion = 50;
	objects = {

/* Begin PBXBuildFile section */
		1B072079237700BE0045EBFB /* AppDelegate.m in Sources */ = {isa = PBXBuildFile; fileRef = 1B072078237700BE0045EBFB /* AppDelegate.m */; };
		1B07207C237700BE0045EBFB /* SceneDelegate.m in Sources */ = {isa = PBXBuildFile; fileRef = 1B07207B237700BE0045EBFB /* SceneDelegate.m */; };
		1B072082237700BE0045EBFB /* Main.storyboard in Resources */ = {isa = PBXBuildFile; fileRef = 1B072080237700BE0045EBFB /* Main.storyboard */; };
		1B072084237700BF0045EBFB /* Assets.xcassets in Resources */ = {isa = PBXBuildFile; fileRef = 1B072083237700BF0045EBFB /* Assets.xcassets */; };
		1B072087237700BF0045EBFB /* LaunchScreen.storyboard in Resources */ = {isa = PBXBuildFile; fileRef = 1B072085237700BF0045EBFB /* LaunchScreen.storyboard */; };
		1B07208A237700BF0045EBFB /* main.m in Sources */ = {isa = PBXBuildFile; fileRef = 1B072089237700BF0045EBFB /* main.m */; };
		1B072099237702310045EBFB /* MRFArtist.m in Sources */ = {isa = PBXBuildFile; fileRef = 1B072098237702310045EBFB /* MRFArtist.m */; };
		1B0720A02377044C0045EBFB /* MRFArtist+MRFArtist_NSJSONSerialization.m in Sources */ = {isa = PBXBuildFile; fileRef = 1B07209F2377044C0045EBFB /* MRFArtist+MRFArtist_NSJSONSerialization.m */; };
/* End PBXBuildFile section */

/* Begin PBXFileReference section */
		1B072074237700BE0045EBFB /* ObjcFavArtist.app */ = {isa = PBXFileReference; explicitFileType = wrapper.application; includeInIndex = 0; path = ObjcFavArtist.app; sourceTree = BUILT_PRODUCTS_DIR; };
		1B072077237700BE0045EBFB /* AppDelegate.h */ = {isa = PBXFileReference; lastKnownFileType = sourcecode.c.h; path = AppDelegate.h; sourceTree = "<group>"; };
		1B072078237700BE0045EBFB /* AppDelegate.m */ = {isa = PBXFileReference; lastKnownFileType = sourcecode.c.objc; path = AppDelegate.m; sourceTree = "<group>"; };
		1B07207A237700BE0045EBFB /* SceneDelegate.h */ = {isa = PBXFileReference; lastKnownFileType = sourcecode.c.h; path = SceneDelegate.h; sourceTree = "<group>"; };
		1B07207B237700BE0045EBFB /* SceneDelegate.m */ = {isa = PBXFileReference; lastKnownFileType = sourcecode.c.objc; path = SceneDelegate.m; sourceTree = "<group>"; };
		1B072081237700BE0045EBFB /* Base */ = {isa = PBXFileReference; lastKnownFileType = file.storyboard; name = Base; path = Base.lproj/Main.storyboard; sourceTree = "<group>"; };
		1B072083237700BF0045EBFB /* Assets.xcassets */ = {isa = PBXFileReference; lastKnownFileType = folder.assetcatalog; path = Assets.xcassets; sourceTree = "<group>"; };
		1B072086237700BF0045EBFB /* Base */ = {isa = PBXFileReference; lastKnownFileType = file.storyboard; name = Base; path = Base.lproj/LaunchScreen.storyboard; sourceTree = "<group>"; };
		1B072088237700BF0045EBFB /* Info.plist */ = {isa = PBXFileReference; lastKnownFileType = text.plist.xml; path = Info.plist; sourceTree = "<group>"; };
		1B072089237700BF0045EBFB /* main.m */ = {isa = PBXFileReference; lastKnownFileType = sourcecode.c.objc; path = main.m; sourceTree = "<group>"; };
		1B072097237702310045EBFB /* MRFArtist.h */ = {isa = PBXFileReference; lastKnownFileType = sourcecode.c.h; path = MRFArtist.h; sourceTree = "<group>"; };
		1B072098237702310045EBFB /* MRFArtist.m */ = {isa = PBXFileReference; lastKnownFileType = sourcecode.c.objc; path = MRFArtist.m; sourceTree = "<group>"; };
		1B07209E2377044C0045EBFB /* MRFArtist+MRFArtist_NSJSONSerialization.h */ = {isa = PBXFileReference; lastKnownFileType = sourcecode.c.h; path = "MRFArtist+MRFArtist_NSJSONSerialization.h"; sourceTree = SOURCE_ROOT; };
		1B07209F2377044C0045EBFB /* MRFArtist+MRFArtist_NSJSONSerialization.m */ = {isa = PBXFileReference; lastKnownFileType = sourcecode.c.objc; path = "MRFArtist+MRFArtist_NSJSONSerialization.m"; sourceTree = SOURCE_ROOT; };
/* End PBXFileReference section */

/* Begin PBXFrameworksBuildPhase section */
		1B072071237700BE0045EBFB /* Frameworks */ = {
			isa = PBXFrameworksBuildPhase;
			buildActionMask = 2147483647;
			files = (
			);
			runOnlyForDeploymentPostprocessing = 0;
		};
/* End PBXFrameworksBuildPhase section */

/* Begin PBXGroup section */
		1B07206B237700BE0045EBFB = {
			isa = PBXGroup;
			children = (
				1B072076237700BE0045EBFB /* ObjcFavArtist */,
				1B072075237700BE0045EBFB /* Products */,
			);
			sourceTree = "<group>";
		};
		1B072075237700BE0045EBFB /* Products */ = {
			isa = PBXGroup;
			children = (
				1B072074237700BE0045EBFB /* ObjcFavArtist.app */,
			);
			name = Products;
			sourceTree = "<group>";
		};
		1B072076237700BE0045EBFB /* ObjcFavArtist */ = {
			isa = PBXGroup;
			children = (
				1B072091237701830045EBFB /* Storyboards */,
				1B072095237701AB0045EBFB /* View Controllers */,
				1B072094237701A10045EBFB /* Views */,
				1B072096237701B80045EBFB /* Networking */,
				1B07209A237703430045EBFB /* MRFArtist+NSJSONSerialization */,
				1B0720932377019A0045EBFB /* Model Controllers */,
				1B072092237701950045EBFB /* Model */,
				1B072090237701780045EBFB /* Resources */,
			);
			path = ObjcFavArtist;
			sourceTree = "<group>";
		};
		1B072090237701780045EBFB /* Resources */ = {
			isa = PBXGroup;
			children = (
				1B072077237700BE0045EBFB /* AppDelegate.h */,
				1B072078237700BE0045EBFB /* AppDelegate.m */,
				1B07207A237700BE0045EBFB /* SceneDelegate.h */,
				1B07207B237700BE0045EBFB /* SceneDelegate.m */,
				1B072083237700BF0045EBFB /* Assets.xcassets */,
				1B072085237700BF0045EBFB /* LaunchScreen.storyboard */,
				1B072088237700BF0045EBFB /* Info.plist */,
				1B072089237700BF0045EBFB /* main.m */,
			);
			path = Resources;
			sourceTree = "<group>";
		};
		1B072091237701830045EBFB /* Storyboards */ = {
			isa = PBXGroup;
			children = (
				1B072080237700BE0045EBFB /* Main.storyboard */,
			);
			path = Storyboards;
			sourceTree = "<group>";
		};
		1B072092237701950045EBFB /* Model */ = {
			isa = PBXGroup;
			children = (
				1B072097237702310045EBFB /* MRFArtist.h */,
				1B072098237702310045EBFB /* MRFArtist.m */,
			);
			path = Model;
			sourceTree = "<group>";
		};
		1B0720932377019A0045EBFB /* Model Controllers */ = {
			isa = PBXGroup;
			children = (
			);
			path = "Model Controllers";
			sourceTree = "<group>";
		};
		1B072094237701A10045EBFB /* Views */ = {
			isa = PBXGroup;
			children = (
			);
			path = Views;
			sourceTree = "<group>";
		};
		1B072095237701AB0045EBFB /* View Controllers */ = {
			isa = PBXGroup;
			children = (
			);
			path = "View Controllers";
			sourceTree = "<group>";
		};
		1B072096237701B80045EBFB /* Networking */ = {
			isa = PBXGroup;
			children = (
			);
			path = Networking;
			sourceTree = "<group>";
		};
		1B07209A237703430045EBFB /* MRFArtist+NSJSONSerialization */ = {
			isa = PBXGroup;
			children = (
				1B07209E2377044C0045EBFB /* MRFArtist+MRFArtist_NSJSONSerialization.h */,
				1B07209F2377044C0045EBFB /* MRFArtist+MRFArtist_NSJSONSerialization.m */,
			);
			path = "MRFArtist+NSJSONSerialization";
			sourceTree = "<group>";
		};
/* End PBXGroup section */

/* Begin PBXNativeTarget section */
		1B072073237700BE0045EBFB /* ObjcFavArtist */ = {
			isa = PBXNativeTarget;
			buildConfigurationList = 1B07208D237700BF0045EBFB /* Build configuration list for PBXNativeTarget "ObjcFavArtist" */;
			buildPhases = (
				1B072070237700BE0045EBFB /* Sources */,
				1B072071237700BE0045EBFB /* Frameworks */,
				1B072072237700BE0045EBFB /* Resources */,
			);
			buildRules = (
			);
			dependencies = (
			);
			name = ObjcFavArtist;
			productName = ObjcFavArtist;
			productReference = 1B072074237700BE0045EBFB /* ObjcFavArtist.app */;
			productType = "com.apple.product-type.application";
		};
/* End PBXNativeTarget section */

/* Begin PBXProject section */
		1B07206C237700BE0045EBFB /* Project object */ = {
			isa = PBXProject;
			attributes = {
				CLASSPREFIX = MRF;
				LastUpgradeCheck = 1110;
				ORGANIZATIONNAME = "Michael Flowers";
				TargetAttributes = {
					1B072073237700BE0045EBFB = {
						CreatedOnToolsVersion = 11.1;
					};
				};
			};
			buildConfigurationList = 1B07206F237700BE0045EBFB /* Build configuration list for PBXProject "ObjcFavArtist" */;
			compatibilityVersion = "Xcode 9.3";
			developmentRegion = en;
			hasScannedForEncodings = 0;
			knownRegions = (
				en,
				Base,
			);
			mainGroup = 1B07206B237700BE0045EBFB;
			productRefGroup = 1B072075237700BE0045EBFB /* Products */;
			projectDirPath = "";
			projectRoot = "";
			targets = (
				1B072073237700BE0045EBFB /* ObjcFavArtist */,
			);
		};
/* End PBXProject section */

/* Begin PBXResourcesBuildPhase section */
		1B072072237700BE0045EBFB /* Resources */ = {
			isa = PBXResourcesBuildPhase;
			buildActionMask = 2147483647;
			files = (
				1B072087237700BF0045EBFB /* LaunchScreen.storyboard in Resources */,
				1B072084237700BF0045EBFB /* Assets.xcassets in Resources */,
				1B072082237700BE0045EBFB /* Main.storyboard in Resources */,
			);
			runOnlyForDeploymentPostprocessing = 0;
		};
/* End PBXResourcesBuildPhase section */

/* Begin PBXSourcesBuildPhase section */
		1B072070237700BE0045EBFB /* Sources */ = {
			isa = PBXSourcesBuildPhase;
			buildActionMask = 2147483647;
			files = (
				1B072079237700BE0045EBFB /* AppDelegate.m in Sources */,
				1B0720A02377044C0045EBFB /* MRFArtist+MRFArtist_NSJSONSerialization.m in Sources */,
				1B07208A237700BF0045EBFB /* main.m in Sources */,
				1B072099237702310045EBFB /* MRFArtist.m in Sources */,
				1B07207C237700BE0045EBFB /* SceneDelegate.m in Sources */,
			);
			runOnlyForDeploymentPostprocessing = 0;
		};
/* End PBXSourcesBuildPhase section */

/* Begin PBXVariantGroup section */
		1B072080237700BE0045EBFB /* Main.storyboard */ = {
			isa = PBXVariantGroup;
			children = (
				1B072081237700BE0045EBFB /* Base */,
			);
			name = Main.storyboard;
			sourceTree = "<group>";
		};
		1B072085237700BF0045EBFB /* LaunchScreen.storyboard */ = {
			isa = PBXVariantGroup;
			children = (
				1B072086237700BF0045EBFB /* Base */,
			);
			name = LaunchScreen.storyboard;
			sourceTree = "<group>";
		};
/* End PBXVariantGroup section */

/* Begin XCBuildConfiguration section */
		1B07208B237700BF0045EBFB /* Debug */ = {
			isa = XCBuildConfiguration;
			buildSettings = {
				ALWAYS_SEARCH_USER_PATHS = NO;
				CLANG_ANALYZER_NONNULL = YES;
				CLANG_ANALYZER_NUMBER_OBJECT_CONVERSION = YES_AGGRESSIVE;
				CLANG_CXX_LANGUAGE_STANDARD = "gnu++14";
				CLANG_CXX_LIBRARY = "libc++";
				CLANG_ENABLE_MODULES = YES;
				CLANG_ENABLE_OBJC_ARC = YES;
				CLANG_ENABLE_OBJC_WEAK = YES;
				CLANG_WARN_BLOCK_CAPTURE_AUTORELEASING = YES;
				CLANG_WARN_BOOL_CONVERSION = YES;
				CLANG_WARN_COMMA = YES;
				CLANG_WARN_CONSTANT_CONVERSION = YES;
				CLANG_WARN_DEPRECATED_OBJC_IMPLEMENTATIONS = YES;
				CLANG_WARN_DIRECT_OBJC_ISA_USAGE = YES_ERROR;
				CLANG_WARN_DOCUMENTATION_COMMENTS = YES;
				CLANG_WARN_EMPTY_BODY = YES;
				CLANG_WARN_ENUM_CONVERSION = YES;
				CLANG_WARN_INFINITE_RECURSION = YES;
				CLANG_WARN_INT_CONVERSION = YES;
				CLANG_WARN_NON_LITERAL_NULL_CONVERSION = YES;
				CLANG_WARN_OBJC_IMPLICIT_RETAIN_SELF = YES;
				CLANG_WARN_OBJC_LITERAL_CONVERSION = YES;
				CLANG_WARN_OBJC_ROOT_CLASS = YES_ERROR;
				CLANG_WARN_RANGE_LOOP_ANALYSIS = YES;
				CLANG_WARN_STRICT_PROTOTYPES = YES;
				CLANG_WARN_SUSPICIOUS_MOVE = YES;
				CLANG_WARN_UNGUARDED_AVAILABILITY = YES_AGGRESSIVE;
				CLANG_WARN_UNREACHABLE_CODE = YES;
				CLANG_WARN__DUPLICATE_METHOD_MATCH = YES;
				COPY_PHASE_STRIP = NO;
				DEBUG_INFORMATION_FORMAT = dwarf;
				ENABLE_STRICT_OBJC_MSGSEND = YES;
				ENABLE_TESTABILITY = YES;
				GCC_C_LANGUAGE_STANDARD = gnu11;
				GCC_DYNAMIC_NO_PIC = NO;
				GCC_NO_COMMON_BLOCKS = YES;
				GCC_OPTIMIZATION_LEVEL = 0;
				GCC_PREPROCESSOR_DEFINITIONS = (
					"DEBUG=1",
					"$(inherited)",
				);
				GCC_WARN_64_TO_32_BIT_CONVERSION = YES;
				GCC_WARN_ABOUT_RETURN_TYPE = YES_ERROR;
				GCC_WARN_UNDECLARED_SELECTOR = YES;
				GCC_WARN_UNINITIALIZED_AUTOS = YES_AGGRESSIVE;
				GCC_WARN_UNUSED_FUNCTION = YES;
				GCC_WARN_UNUSED_VARIABLE = YES;
				IPHONEOS_DEPLOYMENT_TARGET = 13.1;
				MTL_ENABLE_DEBUG_INFO = INCLUDE_SOURCE;
				MTL_FAST_MATH = YES;
				ONLY_ACTIVE_ARCH = YES;
				SDKROOT = iphoneos;
			};
			name = Debug;
		};
		1B07208C237700BF0045EBFB /* Release */ = {
			isa = XCBuildConfiguration;
			buildSettings = {
				ALWAYS_SEARCH_USER_PATHS = NO;
				CLANG_ANALYZER_NONNULL = YES;
				CLANG_ANALYZER_NUMBER_OBJECT_CONVERSION = YES_AGGRESSIVE;
				CLANG_CXX_LANGUAGE_STANDARD = "gnu++14";
				CLANG_CXX_LIBRARY = "libc++";
				CLANG_ENABLE_MODULES = YES;
				CLANG_ENABLE_OBJC_ARC = YES;
				CLANG_ENABLE_OBJC_WEAK = YES;
				CLANG_WARN_BLOCK_CAPTURE_AUTORELEASING = YES;
				CLANG_WARN_BOOL_CONVERSION = YES;
				CLANG_WARN_COMMA = YES;
				CLANG_WARN_CONSTANT_CONVERSION = YES;
				CLANG_WARN_DEPRECATED_OBJC_IMPLEMENTATIONS = YES;
				CLANG_WARN_DIRECT_OBJC_ISA_USAGE = YES_ERROR;
				CLANG_WARN_DOCUMENTATION_COMMENTS = YES;
				CLANG_WARN_EMPTY_BODY = YES;
				CLANG_WARN_ENUM_CONVERSION = YES;
				CLANG_WARN_INFINITE_RECURSION = YES;
				CLANG_WARN_INT_CONVERSION = YES;
				CLANG_WARN_NON_LITERAL_NULL_CONVERSION = YES;
				CLANG_WARN_OBJC_IMPLICIT_RETAIN_SELF = YES;
				CLANG_WARN_OBJC_LITERAL_CONVERSION = YES;
				CLANG_WARN_OBJC_ROOT_CLASS = YES_ERROR;
				CLANG_WARN_RANGE_LOOP_ANALYSIS = YES;
				CLANG_WARN_STRICT_PROTOTYPES = YES;
				CLANG_WARN_SUSPICIOUS_MOVE = YES;
				CLANG_WARN_UNGUARDED_AVAILABILITY = YES_AGGRESSIVE;
				CLANG_WARN_UNREACHABLE_CODE = YES;
				CLANG_WARN__DUPLICATE_METHOD_MATCH = YES;
				COPY_PHASE_STRIP = NO;
				DEBUG_INFORMATION_FORMAT = "dwarf-with-dsym";
				ENABLE_NS_ASSERTIONS = NO;
				ENABLE_STRICT_OBJC_MSGSEND = YES;
				GCC_C_LANGUAGE_STANDARD = gnu11;
				GCC_NO_COMMON_BLOCKS = YES;
				GCC_WARN_64_TO_32_BIT_CONVERSION = YES;
				GCC_WARN_ABOUT_RETURN_TYPE = YES_ERROR;
				GCC_WARN_UNDECLARED_SELECTOR = YES;
				GCC_WARN_UNINITIALIZED_AUTOS = YES_AGGRESSIVE;
				GCC_WARN_UNUSED_FUNCTION = YES;
				GCC_WARN_UNUSED_VARIABLE = YES;
				IPHONEOS_DEPLOYMENT_TARGET = 13.1;
				MTL_ENABLE_DEBUG_INFO = NO;
				MTL_FAST_MATH = YES;
				SDKROOT = iphoneos;
				VALIDATE_PRODUCT = YES;
			};
			name = Release;
		};
		1B07208E237700BF0045EBFB /* Debug */ = {
			isa = XCBuildConfiguration;
			buildSettings = {
				ASSETCATALOG_COMPILER_APPICON_NAME = AppIcon;
				CODE_SIGN_STYLE = Automatic;
				DEVELOPMENT_TEAM = X4W7EQ4E4R;
				INFOPLIST_FILE = "$(SRCROOT)/ObjcFavArtist/Resources/Info.plist";
				LD_RUNPATH_SEARCH_PATHS = (
					"$(inherited)",
					"@executable_path/Frameworks",
				);
				PRODUCT_BUNDLE_IDENTIFIER = flowers.ObjcFavArtist;
				PRODUCT_NAME = "$(TARGET_NAME)";
				TARGETED_DEVICE_FAMILY = "1,2";
			};
			name = Debug;
		};
		1B07208F237700BF0045EBFB /* Release */ = {
			isa = XCBuildConfiguration;
			buildSettings = {
				ASSETCATALOG_COMPILER_APPICON_NAME = AppIcon;
				CODE_SIGN_STYLE = Automatic;
				DEVELOPMENT_TEAM = X4W7EQ4E4R;
				INFOPLIST_FILE = "$(SRCROOT)/ObjcFavArtist/Resources/Info.plist";
				LD_RUNPATH_SEARCH_PATHS = (
					"$(inherited)",
					"@executable_path/Frameworks",
				);
				PRODUCT_BUNDLE_IDENTIFIER = flowers.ObjcFavArtist;
				PRODUCT_NAME = "$(TARGET_NAME)";
				TARGETED_DEVICE_FAMILY = "1,2";
			};
			name = Release;
		};
/* End XCBuildConfiguration section */

/* Begin XCConfigurationList section */
		1B07206F237700BE0045EBFB /* Build configuration list for PBXProject "ObjcFavArtist" */ = {
			isa = XCConfigurationList;
			buildConfigurations = (
				1B07208B237700BF0045EBFB /* Debug */,
				1B07208C237700BF0045EBFB /* Release */,
			);
			defaultConfigurationIsVisible = 0;
			defaultConfigurationName = Release;
		};
		1B07208D237700BF0045EBFB /* Build configuration list for PBXNativeTarget "ObjcFavArtist" */ = {
			isa = XCConfigurationList;
			buildConfigurations = (
				1B07208E237700BF0045EBFB /* Debug */,
				1B07208F237700BF0045EBFB /* Release */,
			);
			defaultConfigurationIsVisible = 0;
			defaultConfigurationName = Release;
		};
/* End XCConfigurationList section */
	};
	rootObject = 1B07206C237700BE0045EBFB /* Project object */;
}
